// !$*UTF8*$!
{
	archiveVersion = 1;
	classes = {
	};
	objectVersion = 46;
	objects = {

/* Begin PBXBuildFile section */
		F4837CBA1DC71A6C00199467 /* AppDelegate.swift in Sources */ = {isa = PBXBuildFile; fileRef = F4837CB91DC71A6C00199467 /* AppDelegate.swift */; };
		F4837CBC1DC71A6C00199467 /* ViewController.swift in Sources */ = {isa = PBXBuildFile; fileRef = F4837CBB1DC71A6C00199467 /* ViewController.swift */; };
		F4837CBF1DC71A6C00199467 /* Main.storyboard in Resources */ = {isa = PBXBuildFile; fileRef = F4837CBD1DC71A6C00199467 /* Main.storyboard */; };
		F4837CC11DC71A6C00199467 /* Assets.xcassets in Resources */ = {isa = PBXBuildFile; fileRef = F4837CC01DC71A6C00199467 /* Assets.xcassets */; };
		F4837CC41DC71A6C00199467 /* LaunchScreen.storyboard in Resources */ = {isa = PBXBuildFile; fileRef = F4837CC21DC71A6C00199467 /* LaunchScreen.storyboard */; };
/* End PBXBuildFile section */

/* Begin PBXFileReference section */
		F4837CB61DC71A6C00199467 /* LeetCode_Remove Nth Node From End of List.app */ = {isa = PBXFileReference; explicitFileType = wrapper.application; includeInIndex = 0; path = "LeetCode_Remove Nth Node From End of List.app"; sourceTree = BUILT_PRODUCTS_DIR; };
		F4837CB91DC71A6C00199467 /* AppDelegate.swift */ = {isa = PBXFileReference; lastKnownFileType = sourcecode.swift; path = AppDelegate.swift; sourceTree = "<group>"; };
		F4837CBB1DC71A6C00199467 /* ViewController.swift */ = {isa = PBXFileReference; lastKnownFileType = sourcecode.swift; path = ViewController.swift; sourceTree = "<group>"; };
		F4837CBE1DC71A6C00199467 /* Base */ = {isa = PBXFileReference; lastKnownFileType = file.storyboard; name = Base; path = Base.lproj/Main.storyboard; sourceTree = "<group>"; };
		F4837CC01DC71A6C00199467 /* Assets.xcassets */ = {isa = PBXFileReference; lastKnownFileType = folder.assetcatalog; path = Assets.xcassets; sourceTree = "<group>"; };
		F4837CC31DC71A6C00199467 /* Base */ = {isa = PBXFileReference; lastKnownFileType = file.storyboard; name = Base; path = Base.lproj/LaunchScreen.storyboard; sourceTree = "<group>"; };
		F4837CC51DC71A6C00199467 /* Info.plist */ = {isa = PBXFileReference; lastKnownFileType = text.plist.xml; path = Info.plist; sourceTree = "<group>"; };
/* End PBXFileReference section */

/* Begin PBXFrameworksBuildPhase section */
		F4837CB31DC71A6B00199467 /* Frameworks */ = {
			isa = PBXFrameworksBuildPhase;
			buildActionMask = 2147483647;
			files = (
			);
			runOnlyForDeploymentPostprocessing = 0;
		};
/* End PBXFrameworksBuildPhase section */

/* Begin PBXGroup section */
		F4837CAD1DC71A6B00199467 = {
			isa = PBXGroup;
			children = (
				F4837CB81DC71A6C00199467 /* LeetCode_Remove Nth Node From End of List */,
				F4837CB71DC71A6C00199467 /* Products */,
			);
			sourceTree = "<group>";
		};
		F4837CB71DC71A6C00199467 /* Products */ = {
			isa = PBXGroup;
			children = (
				F4837CB61DC71A6C00199467 /* LeetCode_Remove Nth Node From End of List.app */,
			);
			name = Products;
			sourceTree = "<group>";
		};
		F4837CB81DC71A6C00199467 /* LeetCode_Remove Nth Node From End of List */ = {
			isa = PBXGroup;
			children = (
				F4837CB91DC71A6C00199467 /* AppDelegate.swift */,
				F4837CBB1DC71A6C00199467 /* ViewController.swift */,
				F4837CBD1DC71A6C00199467 /* Main.storyboard */,
				F4837CC01DC71A6C00199467 /* Assets.xcassets */,
				F4837CC21DC71A6C00199467 /* LaunchScreen.storyboard */,
				F4837CC51DC71A6C00199467 /* Info.plist */,
			);
			path = "LeetCode_Remove Nth Node From End of List";
			sourceTree = "<group>";
		};
/* End PBXGroup section */

/* Begin PBXNativeTarget section */
		F4837CB51DC71A6B00199467 /* LeetCode_Remove Nth Node From End of List */ = {
			isa = PBXNativeTarget;
			buildConfigurationList = F4837CC81DC71A6C00199467 /* Build configuration list for PBXNativeTarget "LeetCode_Remove Nth Node From End of List" */;
			buildPhases = (
				F4837CB21DC71A6B00199467 /* Sources */,
				F4837CB31DC71A6B00199467 /* Frameworks */,
				F4837CB41DC71A6B00199467 /* Resources */,
			);
			buildRules = (
			);
			dependencies = (
			);
			name = "LeetCode_Remove Nth Node From End of List";
			productName = "LeetCode_Remove Nth Node From End of List";
			productReference = F4837CB61DC71A6C00199467 /* LeetCode_Remove Nth Node From End of List.app */;
			productType = "com.apple.product-type.application";
		};
/* End PBXNativeTarget section */

/* Begin PBXProject section */
		F4837CAE1DC71A6B00199467 /* Project object */ = {
			isa = PBXProject;
			attributes = {
				LastSwiftUpdateCheck = 0810;
				LastUpgradeCheck = 0810;
				ORGANIZATIONNAME = ilogie;
				TargetAttributes = {
					F4837CB51DC71A6B00199467 = {
						CreatedOnToolsVersion = 8.1;
						ProvisioningStyle = Automatic;
					};
				};
			};
			buildConfigurationList = F4837CB11DC71A6B00199467 /* Build configuration list for PBXProject "LeetCode_Remove Nth Node From End of List" */;
			compatibilityVersion = "Xcode 3.2";
			developmentRegion = English;
			hasScannedForEncodings = 0;
			knownRegions = (
				en,
				Base,
			);
			mainGroup = F4837CAD1DC71A6B00199467;
			productRefGroup = F4837CB71DC71A6C00199467 /* Products */;
			projectDirPath = "";
			projectRoot = "";
			targets = (
				F4837CB51DC71A6B00199467 /* LeetCode_Remove Nth Node From End of List */,
			);
		};
/* End PBXProject section */

/* Begin PBXResourcesBuildPhase section */
		F4837CB41DC71A6B00199467 /* Resources */ = {
			isa = PBXResourcesBuildPhase;
			buildActionMask = 2147483647;
			files = (
				F4837CC41DC71A6C00199467 /* LaunchScreen.storyboard in Resources */,
				F4837CC11DC71A6C00199467 /* Assets.xcassets in Resources */,
				F4837CBF1DC71A6C00199467 /* Main.storyboard in Resources */,
			);
			runOnlyForDeploymentPostprocessing = 0;
		};
/* End PBXResourcesBuildPhase section */

/* Begin PBXSourcesBuildPhase section */
		F4837CB21DC71A6B00199467 /* Sources */ = {
			isa = PBXSourcesBuildPhase;
			buildActionMask = 2147483647;
			files = (
				F4837CBC1DC71A6C00199467 /* ViewController.swift in Sources */,
				F4837CBA1DC71A6C00199467 /* AppDelegate.swift in Sources */,
			);
			runOnlyForDeploymentPostprocessing = 0;
		};
/* End PBXSourcesBuildPhase section */

/* Begin PBXVariantGroup section */
		F4837CBD1DC71A6C00199467 /* Main.storyboard */ = {
			isa = PBXVariantGroup;
			children = (
				F4837CBE1DC71A6C00199467 /* Base */,
			);
			name = Main.storyboard;
			sourceTree = "<group>";
		};
		F4837CC21DC71A6C00199467 /* LaunchScreen.storyboard */ = {
			isa = PBXVariantGroup;
			children = (
				F4837CC31DC71A6C00199467 /* Base */,
			);
			name = LaunchScreen.storyboard;
			sourceTree = "<group>";
		};
/* End PBXVariantGroup section */

/* Begin XCBuildConfiguration section */
		F4837CC61DC71A6C00199467 /* Debug */ = {
			isa = XCBuildConfiguration;
			buildSettings = {
				ALWAYS_SEARCH_USER_PATHS = NO;
				CLANG_ANALYZER_NONNULL = YES;
				CLANG_CXX_LANGUAGE_STANDARD = "gnu++0x";
				CLANG_CXX_LIBRARY = "libc++";
				CLANG_ENABLE_MODULES = YES;
				CLANG_ENABLE_OBJC_ARC = YES;
				CLANG_WARN_BOOL_CONVERSION = YES;
				CLANG_WARN_CONSTANT_CONVERSION = YES;
				CLANG_WARN_DIRECT_OBJC_ISA_USAGE = YES_ERROR;
				CLANG_WARN_DOCUMENTATION_COMMENTS = YES;
				CLANG_WARN_EMPTY_BODY = YES;
				CLANG_WARN_ENUM_CONVERSION = YES;
				CLANG_WARN_INFINITE_RECURSION = YES;
				CLANG_WARN_INT_CONVERSION = YES;
				CLANG_WARN_OBJC_ROOT_CLASS = YES_ERROR;
				CLANG_WARN_SUSPICIOUS_MOVES = YES;
				CLANG_WARN_UNREACHABLE_CODE = YES;
				CLANG_WARN__DUPLICATE_METHOD_MATCH = YES;
				"CODE_SIGN_IDENTITY[sdk=iphoneos*]" = "iPhone Developer";
				COPY_PHASE_STRIP = NO;
				DEBUG_INFORMATION_FORMAT = dwarf;
				ENABLE_STRICT_OBJC_MSGSEND = YES;
				ENABLE_TESTABILITY = YES;
				GCC_C_LANGUAGE_STANDARD = gnu99;
				GCC_DYNAMIC_NO_PIC = NO;
				GCC_NO_COMMON_BLOCKS = YES;
				GCC_OPTIMIZATION_LEVEL = 0;
				GCC_PREPROCESSOR_DEFINITIONS = (
					"DEBUG=1",
					"$(inherited)",
				);
				GCC_WARN_64_TO_32_BIT_CONVERSION = YES;
				GCC_WARN_ABOUT_RETURN_TYPE = YES_ERROR;
				GCC_WARN_UNDECLARED_SELECTOR = YES;
				GCC_WARN_UNINITIALIZED_AUTOS = YES_AGGRESSIVE;
				GCC_WARN_UNUSED_FUNCTION = YES;
				GCC_WARN_UNUSED_VARIABLE = YES;
				IPHONEOS_DEPLOYMENT_TARGET = 10.1;
				MTL_ENABLE_DEBUG_INFO = YES;
				ONLY_ACTIVE_ARCH = YES;
				SDKROOT = iphoneos;
				SWIFT_ACTIVE_COMPILATION_CONDITIONS = DEBUG;
				SWIFT_OPTIMIZATION_LEVEL = "-Onone";
				TARGETED_DEVICE_FAMILY = "1,2";
			};
			name = Debug;
		};
		F4837CC71DC71A6C00199467 /* Release */ = {
			isa = XCBuildConfiguration;
			buildSettings = {
				ALWAYS_SEARCH_USER_PATHS = NO;
				CLANG_ANALYZER_NONNULL = YES;
				CLANG_CXX_LANGUAGE_STANDARD = "gnu++0x";
				CLANG_CXX_LIBRARY = "libc++";
				CLANG_ENABLE_MODULES = YES;
				CLANG_ENABLE_OBJC_ARC = YES;
				CLANG_WARN_BOOL_CONVERSION = YES;
				CLANG_WARN_CONSTANT_CONVERSION = YES;
				CLANG_WARN_DIRECT_OBJC_ISA_USAGE = YES_ERROR;
				CLANG_WARN_DOCUMENTATION_COMMENTS = YES;
				CLANG_WARN_EMPTY_BODY = YES;
				CLANG_WARN_ENUM_CONVERSION = YES;
				CLANG_WARN_INFINITE_RECURSION = YES;
				CLANG_WARN_INT_CONVERSION = YES;
				CLANG_WARN_OBJC_ROOT_CLASS = YES_ERROR;
				CLANG_WARN_SUSPICIOUS_MOVES = YES;
				CLANG_WARN_UNREACHABLE_CODE = YES;
				CLANG_WARN__DUPLICATE_METHOD_MATCH = YES;
				"CODE_SIGN_IDENTITY[sdk=iphoneos*]" = "iPhone Developer";
				COPY_PHASE_STRIP = NO;
				DEBUG_INFORMATION_FORMAT = "dwarf-with-dsym";
				ENABLE_NS_ASSERTIONS = NO;
				ENABLE_STRICT_OBJC_MSGSEND = YES;
				GCC_C_LANGUAGE_STANDARD = gnu99;
				GCC_NO_COMMON_BLOCKS = YES;
				GCC_WARN_64_TO_32_BIT_CONVERSION = YES;
				GCC_WARN_ABOUT_RETURN_TYPE = YES_ERROR;
				GCC_WARN_UNDECLARED_SELECTOR = YES;
				GCC_WARN_UNINITIALIZED_AUTOS = YES_AGGRESSIVE;
				GCC_WARN_UNUSED_FUNCTION = YES;
				GCC_WARN_UNUSED_VARIABLE = YES;
				IPHONEOS_DEPLOYMENT_TARGET = 10.1;
				MTL_ENABLE_DEBUG_INFO = NO;
				SDKROOT = iphoneos;
				SWIFT_OPTIMIZATION_LEVEL = "-Owholemodule";
				TARGETED_DEVICE_FAMILY = "1,2";
				VALIDATE_PRODUCT = YES;
			};
			name = Release;
		};
		F4837CC91DC71A6C00199467 /* Debug */ = {
			isa = XCBuildConfiguration;
			buildSettings = {
				ASSETCATALOG_COMPILER_APPICON_NAME = AppIcon;
				INFOPLIST_FILE = "LeetCode_Remove Nth Node From End of List/Info.plist";
				IPHONEOS_DEPLOYMENT_TARGET = 8.0;
				LD_RUNPATH_SEARCH_PATHS = "$(inherited) @executable_path/Frameworks";
				PRODUCT_BUNDLE_IDENTIFIER = "com.ilogie.LeetCode-Remove-Nth-Node-From-End-of-List";
				PRODUCT_NAME = "$(TARGET_NAME)";
				SWIFT_VERSION = 3.0;
			};
			name = Debug;
		};
		F4837CCA1DC71A6C00199467 /* Release */ = {
			isa = XCBuildConfiguration;
			buildSettings = {
				ASSETCATALOG_COMPILER_APPICON_NAME = AppIcon;
				INFOPLIST_FILE = "LeetCode_Remove Nth Node From End of List/Info.plist";
				IPHONEOS_DEPLOYMENT_TARGET = 8.0;
				LD_RUNPATH_SEARCH_PATHS = "$(inherited) @executable_path/Frameworks";
				PRODUCT_BUNDLE_IDENTIFIER = "com.ilogie.LeetCode-Remove-Nth-Node-From-End-of-List";
				PRODUCT_NAME = "$(TARGET_NAME)";
				SWIFT_VERSION = 3.0;
			};
			name = Release;
		};
/* End XCBuildConfiguration section */

/* Begin XCConfigurationList section */
		F4837CB11DC71A6B00199467 /* Build configuration list for PBXProject "LeetCode_Remove Nth Node From End of List" */ = {
			isa = XCConfigurationList;
			buildConfigurations = (
				F4837CC61DC71A6C00199467 /* Debug */,
				F4837CC71DC71A6C00199467 /* Release */,
			);
			defaultConfigurationIsVisible = 0;
			defaultConfigurationName = Release;
		};
		F4837CC81DC71A6C00199467 /* Build configuration list for PBXNativeTarget "LeetCode_Remove Nth Node From End of List" */ = {
			isa = XCConfigurationList;
			buildConfigurations = (
				F4837CC91DC71A6C00199467 /* Debug */,
				F4837CCA1DC71A6C00199467 /* Release */,
			);
			defaultConfigurationIsVisible = 0;
		};
/* End XCConfigurationList section */
	};
	rootObject = F4837CAE1DC71A6B00199467 /* Project object */;
}
